lockfileVersion: '9.0'

settings:
  autoInstallPeers: true
  excludeLinksFromLockfile: false

importers:

  .: {}

  packages/foo:
    dependencies:
      ms:
        specifier: 2.0.0
        version: 2.0.0

  packages/test-app:
    dependencies:
      electron-log:
        specifier: 2.2.9
        version: 2.2.9
      ms:
        specifier: 2.0.0
        version: 2.0.0

packages:

  electron-log@2.2.9:
    resolution: {integrity: sha512-WNMSipQYurNxY14RO6IKgcxcZg1e4aNVpUUJK9q7Bqe0TZEKn1e5h4HiQKhTgVLqKrUn++ugOZrty450P9vpjA==}

  ms@2.0.0:
    resolution: {integrity: sha512-Tpp60P6IUJDTuOq/5Z8cdskzJujfwqfOTkrwIwj7IRISpnkJnT6SyJ4PCPnGMoFjC9ddhal5KVIYtAt97ix05A==}

snapshots:

  electron-log@2.2.9: {}

  ms@2.0.0: {}
