# THIS IS AN AUTOGENERATED FILE. DO NOT EDIT THIS FILE DIRECTLY.
# yarn lockfile v1


electron-log@2.2.8:
  version "2.2.8"
  resolved "https://registry.yarnpkg.com/electron-log/-/electron-log-2.2.8.tgz#2296cccd8da046268a199c1a302dcb8cb16f2b72"

electron-log@2.2.9:
  version "2.2.9"
  resolved "https://registry.yarnpkg.com/electron-log/-/electron-log-2.2.9.tgz#e0484cb1a8a84593095e3b69f47361ae15d73bdf"

ms@2.0.0:
  version "2.0.0"
  resolved "https://registry.yarnpkg.com/ms/-/ms-2.0.0.tgz#5608aeadfc00be6c2901df5f9861788de0d597c8"
