{
  "lockfileVersion": 1,
  "workspaces": {
    "": {
      "name": "test-app-bun-isolated",
    },
    "packages/app": {
      "name": "bun-app",
      "version": "1.1.0",
      "dependencies": {
        "lib": "workspace:*",
      },
    },
    "packages/lib": {
      "name": "lib",
      "version": "1.0.0",
    },
  },
  "packages": {
    "bun-app": ["bun-app@workspace:packages/app"],

    "lib": ["lib@workspace:packages/lib"],
  }
}
