# THIS IS AN AUTOGENERATED FILE. DO NOT EDIT THIS FILE DIRECTLY.
# yarn lockfile v1


"@sentry/core@0.5.4":
  version "0.5.4"
  resolved "https://registry.yarnpkg.com/@sentry/core/-/core-0.5.4.tgz#9b0a842b442131b3801bae70be2ca4e9c510574e"
  dependencies:
    "@sentry/shim" "0.5.4"

"@sentry/shim@0.5.4":
  version "0.5.4"
  resolved "https://registry.yarnpkg.com/@sentry/shim/-/shim-0.5.4.tgz#cb826b1a34765ae5e1b21e61df2def2f8da91dc1"

electron-log@2.2.9:
  version "2.2.9"
  resolved "https://registry.yarnpkg.com/electron-log/-/electron-log-2.2.9.tgz#e0484cb1a8a84593095e3b69f47361ae15d73bdf"
